
Microsoft Visual Studio Solution File, Format Version 12.00
# Visual Studio Version 16
VisualStudioVersion = 16.0.31729.503
MinimumVisualStudioVersion = 10.0.40219.1
Project("{FAE04EC0-301F-11D3-BF4B-00C04F79EFBC}") = "Herencia", "Herencia\Herencia.csproj", "{844E2554-15CA-4964-93D4-60E1FB9A7614}"
EndProject
Global
	GlobalSection(SolutionConfigurationPlatforms) = preSolution
		Debug|Any CPU = Debug|Any CPU
		Release|Any CPU = Release|Any CPU
	EndGlobalSection
	GlobalSection(ProjectConfigurationPlatforms) = postSolution
		{844E2554-15CA-4964-93D4-60E1FB9A7614}.Debug|Any CPU.ActiveCfg = Debug|Any CPU
		{844E2554-15CA-4964-93D4-60E1FB9A7614}.Debug|Any CPU.Build.0 = Debug|Any CPU
		{844E2554-15CA-4964-93D4-60E1FB9A7614}.Release|Any CPU.ActiveCfg = Release|Any CPU
		{844E2554-15CA-4964-93D4-60E1FB9A7614}.Release|Any CPU.Build.0 = Release|Any CPU
	EndGlobalSection
	GlobalSection(SolutionProperties) = preSolution
		HideSolutionNode = FALSE
	EndGlobalSection
	GlobalSection(ExtensibilityGlobals) = postSolution
		SolutionGuid = {2DC130FA-0E0A-4582-95A8-5B7B0CD84BF2}
	EndGlobalSection
EndGlobal
